<?xml version="1.0" encoding="utf-8"?>
<Project ToolsVersion="4.0" xmlns="http://schemas.microsoft.com/developer/msbuild/2003">
  <ItemGroup>
    <FxCompile Include="Shaders\color.hlsl">
      <Filter>HLSL Files</Filter>
    </FxCompile>
    <FxCompile Include="Shaders\PS3.hlsl">
      <Filter>HLSL Files</Filter>
    </FxCompile>
    <FxCompile Include="Shaders\VS3.hlsl">
      <Filter>HLSL Files</Filter>
    </FxCompile>
    <FxCompile Include="Shaders\Default.hlsl">
      <Filter>HLSL Files</Filter>
    </FxCompile>
    <FxCompile Include="Shaders\LightingUtil.hlsl">
      <Filter>HLSL Files</Filter>
    </FxCompile>
    <FxCompile Include="Shaders\PS_PointLight.hlsl">
      <Filter>HLSL Files</Filter>
    </FxCompile>
    <FxCompile Include="Shaders\VS_PointLight.hlsl">
      <Filter>HLSL Files</Filter>
    </FxCompile>
    <FxCompile Include="Shaders\TreeSprite.hlsl">
      <Filter>HLSL Files</Filter>
    </FxCompile>
  </ItemGroup>
  <ItemGroup>
    <ClCompile Include="Camera.cpp">
      <Filter>Source Files</Filter>
    </ClCompile>
    <ClCompile Include="Waves.cpp">
      <Filter>Source Files</Filter>
    </ClCompile>
    <ClCompile Include="Week5-1-TexWavesApp.cpp">
      <Filter>Source Files</Filter>
    </ClCompile>
    <ClCompile Include="Command.cpp">
      <Filter>Source Files\Added</Filter>
    </ClCompile>
    <ClCompile Include="SceneNode.cpp">
      <Filter>Source Files\Added</Filter>
    </ClCompile>
    <ClCompile Include="Entity.cpp">
      <Filter>Source Files\Added</Filter>
    </ClCompile>
    <ClCompile Include="d3dApp.cpp">
      <Filter>Source Files\D3D FILES</Filter>
    </ClCompile>
    <ClCompile Include="d3dUtil.cpp">
      <Filter>Source Files\D3D FILES</Filter>
    </ClCompile>
    <ClCompile Include="DDSTextureLoader.cpp">
      <Filter>Source Files\D3D FILES</Filter>
    </ClCompile>
    <ClCompile Include="FrameResource.cpp">
      <Filter>Source Files\D3D FILES</Filter>
    </ClCompile>
    <ClCompile Include="GameTimer.cpp">
      <Filter>Source Files\D3D FILES</Filter>
    </ClCompile>
    <ClCompile Include="GeometryGenerator.cpp">
      <Filter>Source Files\D3D FILES</Filter>
    </ClCompile>
    <ClCompile Include="MathHelper.cpp">
      <Filter>Source Files\D3D FILES</Filter>
    </ClCompile>
    <ClCompile Include="Aircraft.cpp">
      <Filter>Source Files\Added</Filter>
    </ClCompile>
    <ClCompile Include="CommandQueue.cpp">
      <Filter>Source Files\Added</Filter>
    </ClCompile>
    <ClCompile Include="Game.cpp">
      <Filter>Source Files\Added</Filter>
    </ClCompile>
    <ClCompile Include="World.cpp">
      <Filter>Source Files\Added</Filter>
    </ClCompile>
    <ClCompile Include="Player.cpp">
      <Filter>Source Files\Added</Filter>
    </ClCompile>
    <ClCompile Include="GameState.cpp">
      <Filter>Source Files\Added</Filter>
    </ClCompile>
    <ClCompile Include="State.cpp">
      <Filter>Source Files\Added</Filter>
    </ClCompile>
    <ClCompile Include="StateStack.cpp">
      <Filter>Source Files\Added</Filter>
    </ClCompile>
    <ClCompile Include="TitleState.cpp">
      <Filter>Source Files\Added</Filter>
    </ClCompile>
    <ClCompile Include="MenuState.cpp">
      <Filter>Source Files\Added</Filter>
    </ClCompile>
  </ItemGroup>
  <ItemGroup>
    <ClInclude Include="Camera.h">
      <Filter>Header Files</Filter>
    </ClInclude>
    <ClInclude Include="Waves.h">
      <Filter>Header Files</Filter>
    </ClInclude>
    <ClInclude Include="Category.h">
      <Filter>Header Files\Added</Filter>
    </ClInclude>
    <ClInclude Include="SceneNode.h">
      <Filter>Header Files\Added</Filter>
    </ClInclude>
    <ClInclude Include="Command.h">
      <Filter>Header Files\Added</Filter>
    </ClInclude>
    <ClInclude Include="Entity.h">
      <Filter>Header Files\Added</Filter>
    </ClInclude>
    <ClInclude Include="d3dApp.h">
      <Filter>Header Files\D3D FILES</Filter>
    </ClInclude>
    <ClInclude Include="d3dUtil.h">
      <Filter>Header Files\D3D FILES</Filter>
    </ClInclude>
    <ClInclude Include="d3dx12.h">
      <Filter>Header Files\D3D FILES</Filter>
    </ClInclude>
    <ClInclude Include="DDSTextureLoader.h">
      <Filter>Header Files\D3D FILES</Filter>
    </ClInclude>
    <ClInclude Include="FrameResource.h">
      <Filter>Header Files\D3D FILES</Filter>
    </ClInclude>
    <ClInclude Include="GameTimer.h">
      <Filter>Header Files\D3D FILES</Filter>
    </ClInclude>
    <ClInclude Include="GeometryGenerator.h">
      <Filter>Header Files\D3D FILES</Filter>
    </ClInclude>
    <ClInclude Include="MathHelper.h">
      <Filter>Header Files\D3D FILES</Filter>
    </ClInclude>
    <ClInclude Include="UploadBuffer.h">
      <Filter>Header Files\D3D FILES</Filter>
    </ClInclude>
    <ClInclude Include="Game.h">
      <Filter>Header Files\Added</Filter>
    </ClInclude>
    <ClInclude Include="World.h">
      <Filter>Header Files\Added</Filter>
    </ClInclude>
    <ClInclude Include="Aircraft.h">
      <Filter>Header Files\Added</Filter>
    </ClInclude>
    <ClInclude Include="CommandQueue.h">
      <Filter>Header Files\Added</Filter>
    </ClInclude>
    <ClInclude Include="Player.h">
      <Filter>Header Files\Added</Filter>
    </ClInclude>
    <ClInclude Include="GameState.h">
      <Filter>Header Files\Added</Filter>
    </ClInclude>
    <ClInclude Include="State.h">
      <Filter>Header Files\Added</Filter>
    </ClInclude>
    <ClInclude Include="StateStack.h">
      <Filter>Header Files\Added</Filter>
    </ClInclude>
    <ClInclude Include="States.h">
      <Filter>Header Files\Added</Filter>
    </ClInclude>
    <ClInclude Include="TitleState.h">
      <Filter>Header Files\Added</Filter>
    </ClInclude>
    <ClInclude Include="MenuState.h">
      <Filter>Header Files\Added</Filter>
    </ClInclude>
  </ItemGroup>
  <ItemGroup>
    <Filter Include="Source Files">
      <UniqueIdentifier>{665d8307-dbc4-4470-8b55-59f1f6c4a3a6}</UniqueIdentifier>
    </Filter>
    <Filter Include="Header Files">
      <UniqueIdentifier>{d28c67fa-4484-4e7b-a500-eaee957139f5}</UniqueIdentifier>
    </Filter>
    <Filter Include="HLSL Files">
      <UniqueIdentifier>{cc2911ee-f4b0-4c0e-b67a-cf92e6179545}</UniqueIdentifier>
    </Filter>
    <Filter Include="Header Files\Added">
      <UniqueIdentifier>{03d603bd-49cd-459a-99a1-bdcaedf396c7}</UniqueIdentifier>
    </Filter>
    <Filter Include="Source Files\Added">
      <UniqueIdentifier>{1b5a62b3-d5a8-4099-8546-d366eab2854f}</UniqueIdentifier>
    </Filter>
    <Filter Include="Header Files\D3D FILES">
      <UniqueIdentifier>{91f1dc73-d7ce-4115-b3fd-9c14748c421c}</UniqueIdentifier>
    </Filter>
    <Filter Include="Source Files\D3D FILES">
      <UniqueIdentifier>{b4129d89-f010-4658-92a4-b6a357709445}</UniqueIdentifier>
    </Filter>
  </ItemGroup>
</Project>